{"version":4,"terraform_version":"1.10.6","serial":2,"lineage":"432ee6dd-7234-34ca-be26-a5f1345cb446","outputs":{"SFU_external_ip":{"value":"","type":"string"},"SFU_external_port":{"value":0,"type":"number"},"SFU_instance_url":{"value":"https://eyevinnlab-jonastf.eyevinn-docker-wrtc-sfu.auto.prod.osaas.io","type":"string"},"SFU_service_id":{"value":"eyevinn-docker-wrtc-sfu","type":"string"},"WHEP_external_ip":{"value":"","type":"string"},"WHEP_external_port":{"value":0,"type":"number"},"WHEP_instance_url":{"value":"https://eyevinnlab-jonastf.eyevinn-wrtc-egress.auto.prod.osaas.io","type":"string"},"WHEP_service_id":{"value":"eyevinn-wrtc-egress","type":"string"},"WHIP_external_ip":{"value":"","type":"string"},"WHIP_external_port":{"value":0,"type":"number"},"WHIP_instance_url":{"value":"https://eyevinnlab-jonastf.eyevinn-smb-whip-bridge.auto.prod.osaas.io","type":"string"},"WHIP_service_id":{"value":"eyevinn-smb-whip-bridge","type":"string"}},"resources":[{"mode":"managed","type":"osc_eyevinn_docker_wrtc_sfu","name":"this","provider":"provider[\"registry.terraform.io/eyevinnosc/osc\"]","instances":[{"schema_version":0,"attributes":{"api_key":"{{secrets.jonastfsmbapikey}}","external_ip":"","external_port":0,"instance_url":"https://eyevinnlab-jonastf.eyevinn-docker-wrtc-sfu.auto.prod.osaas.io","name":"jonastf","service_id":"eyevinn-docker-wrtc-sfu"},"sensitive_attributes":[],"dependencies":["osc_secret.smbapikey"]}]},{"mode":"managed","type":"osc_eyevinn_smb_whip_bridge","name":"this","provider":"provider[\"registry.terraform.io/eyevinnosc/osc\"]","instances":[{"schema_version":0,"attributes":{"external_ip":"","external_port":0,"instance_url":"https://eyevinnlab-jonastf.eyevinn-smb-whip-bridge.auto.prod.osaas.io","name":"jonastf","service_id":"eyevinn-smb-whip-bridge","smb_api_key":"{{secrets.jonastfsmbapikey}}","smb_url":"https://eyevinnlab-jonastf.eyevinn-docker-wrtc-sfu.auto.prod.osaas.io","whep_endpoint_url":"https://eyevinnlab-jonastf.eyevinn-wrtc-egress.auto.prod.osaas.io","whip_api_key":"jonastf"},"sensitive_attributes":[[{"type":"get_attr","value":"whip_api_key"}]],"dependencies":["osc_eyevinn_docker_wrtc_sfu.this","osc_eyevinn_wrtc_egress.this","osc_secret.smbapikey"]}]},{"mode":"managed","type":"osc_eyevinn_wrtc_egress","name":"this","provider":"provider[\"registry.terraform.io/eyevinnosc/osc\"]","instances":[{"schema_version":0,"attributes":{"external_ip":"","external_port":0,"instance_url":"https://eyevinnlab-jonastf.eyevinn-wrtc-egress.auto.prod.osaas.io","name":"jonastf","service_id":"eyevinn-wrtc-egress","smb_api_key":"{{secrets.jonastfsmbapikey}}","smb_url":"https://eyevinnlab-jonastf.eyevinn-docker-wrtc-sfu.auto.prod.osaas.io"},"sensitive_attributes":[],"dependencies":["osc_eyevinn_docker_wrtc_sfu.this","osc_secret.smbapikey"]}]},{"mode":"managed","type":"osc_secret","name":"smbapikey","provider":"provider[\"registry.terraform.io/eyevinnosc/osc\"]","instances":[{"schema_version":0,"attributes":{"ref":"{{secrets.\"jonastfsmbapikey\"}}","secret_name":"jonastfsmbapikey","secret_value":"jonastf","service_ids":["eyevinn-wrtc-egress","eyevinn-docker-wrtc-sfu","eyevinn-smb-whip-bridge"]},"sensitive_attributes":[[{"type":"get_attr","value":"secret_value"}]]}]}],"check_results":null}
